
Microsoft Visual Studio Solution File, Format Version 12.00
# Visual Studio Version 16
VisualStudioVersion = 16.0.30320.27
MinimumVisualStudioVersion = 10.0.40219.1
Project("{FAE04EC0-301F-11D3-BF4B-00C04F79EFBC}") = "b_urgence_a_meudon", "b_urgence_a_meudon.csproj", "{92584F4B-6C29-4854-9851-9B8BE70B71B3}"
EndProject
Global
	GlobalSection(SolutionConfigurationPlatforms) = preSolution
		Debug|Any CPU = Debug|Any CPU
		Release|Any CPU = Release|Any CPU
	EndGlobalSection
	GlobalSection(ProjectConfigurationPlatforms) = postSolution
		{92584F4B-6C29-4854-9851-9B8BE70B71B3}.Debug|Any CPU.ActiveCfg = Debug|Any CPU
		{92584F4B-6C29-4854-9851-9B8BE70B71B3}.Debug|Any CPU.Build.0 = Debug|Any CPU
		{92584F4B-6C29-4854-9851-9B8BE70B71B3}.Release|Any CPU.ActiveCfg = Release|Any CPU
		{92584F4B-6C29-4854-9851-9B8BE70B71B3}.Release|Any CPU.Build.0 = Release|Any CPU
	EndGlobalSection
	GlobalSection(SolutionProperties) = preSolution
		HideSolutionNode = FALSE
	EndGlobalSection
	GlobalSection(ExtensibilityGlobals) = postSolution
		SolutionGuid = {88C76FBB-AAA9-4965-A33B-3A2A0FF2C47F}
	EndGlobalSection
EndGlobal
