
Microsoft Visual Studio Solution File, Format Version 12.00
# Visual Studio Version 16
VisualStudioVersion = 16.0.30320.27
MinimumVisualStudioVersion = 10.0.40219.1
Project("{9A19103F-16F7-4668-BE54-9A1E7A4F7556}") = "a_retransmission", "a_retransmission.csproj", "{19414E18-559C-4568-84B8-F6AB7A065F9A}"
EndProject
Global
	GlobalSection(SolutionConfigurationPlatforms) = preSolution
		Debug|Any CPU = Debug|Any CPU
		Release|Any CPU = Release|Any CPU
	EndGlobalSection
	GlobalSection(ProjectConfigurationPlatforms) = postSolution
		{19414E18-559C-4568-84B8-F6AB7A065F9A}.Debug|Any CPU.ActiveCfg = Debug|Any CPU
		{19414E18-559C-4568-84B8-F6AB7A065F9A}.Debug|Any CPU.Build.0 = Debug|Any CPU
		{19414E18-559C-4568-84B8-F6AB7A065F9A}.Release|Any CPU.ActiveCfg = Release|Any CPU
		{19414E18-559C-4568-84B8-F6AB7A065F9A}.Release|Any CPU.Build.0 = Release|Any CPU
	EndGlobalSection
	GlobalSection(SolutionProperties) = preSolution
		HideSolutionNode = FALSE
	EndGlobalSection
	GlobalSection(ExtensibilityGlobals) = postSolution
		SolutionGuid = {265F0988-8270-4967-94F9-8E0E3A438601}
	EndGlobalSection
EndGlobal
